
Microsoft Visual Studio Solution File, Format Version 12.00
# Visual Studio Version 16
VisualStudioVersion = 16.0.31005.135
MinimumVisualStudioVersion = 10.0.40219.1
Project("{8BC9CEB8-8B4A-11D0-8D11-00A0C91BC942}") = "알고리즘문제풀이", "알고리즘문제풀이\알고리즘문제풀이.vcxproj", "{CFBFAE64-8B14-4407-B632-6565A61B1864}"
EndProject
Project("{8BC9CEB8-8B4A-11D0-8D11-00A0C91BC942}") = "1162도로포장", "1162도로포장\1162도로포장.vcxproj", "{51A69703-8CF2-4A1A-A310-D2393533DB27}"
EndProject
Project("{8BC9CEB8-8B4A-11D0-8D11-00A0C91BC942}") = "1854K번째최단경로찾기", "1854K번째최단경로찾기\1854K번째최단경로찾기.vcxproj", "{A202A740-077E-4C22-BD21-51865393F941}"
EndProject
Project("{8BC9CEB8-8B4A-11D0-8D11-00A0C91BC942}") = "1533길의개수", "1533길의개수\1533길의개수.vcxproj", "{C0D1557C-ADA0-4CB6-A490-3E0E1025EBC2}"
EndProject
Project("{8BC9CEB8-8B4A-11D0-8D11-00A0C91BC942}") = "1640동전뒤집기", "1640동전뒤집기\1640동전뒤집기.vcxproj", "{2BE8E9C9-BD14-4CF0-AB27-C3174F0E04FE}"
EndProject
Project("{8BC9CEB8-8B4A-11D0-8D11-00A0C91BC942}") = "1500최대곱", "1500최대곱\1500최대곱.vcxproj", "{592161DA-5E6F-482D-9F5D-FCC83D8F9319}"
EndProject
Project("{8BC9CEB8-8B4A-11D0-8D11-00A0C91BC942}") = "2169로봇조종하기", "2169로봇조종하기\2169로봇조종하기.vcxproj", "{601945F1-8CF3-418A-91BB-FB19F1A5FD4F}"
EndProject
Global
	GlobalSection(SolutionConfigurationPlatforms) = preSolution
		Debug|x64 = Debug|x64
		Debug|x86 = Debug|x86
		Release|x64 = Release|x64
		Release|x86 = Release|x86
	EndGlobalSection
	GlobalSection(ProjectConfigurationPlatforms) = postSolution
		{CFBFAE64-8B14-4407-B632-6565A61B1864}.Debug|x64.ActiveCfg = Debug|x64
		{CFBFAE64-8B14-4407-B632-6565A61B1864}.Debug|x64.Build.0 = Debug|x64
		{CFBFAE64-8B14-4407-B632-6565A61B1864}.Debug|x86.ActiveCfg = Debug|Win32
		{CFBFAE64-8B14-4407-B632-6565A61B1864}.Debug|x86.Build.0 = Debug|Win32
		{CFBFAE64-8B14-4407-B632-6565A61B1864}.Release|x64.ActiveCfg = Release|x64
		{CFBFAE64-8B14-4407-B632-6565A61B1864}.Release|x64.Build.0 = Release|x64
		{CFBFAE64-8B14-4407-B632-6565A61B1864}.Release|x86.ActiveCfg = Release|Win32
		{CFBFAE64-8B14-4407-B632-6565A61B1864}.Release|x86.Build.0 = Release|Win32
		{51A69703-8CF2-4A1A-A310-D2393533DB27}.Debug|x64.ActiveCfg = Debug|x64
		{51A69703-8CF2-4A1A-A310-D2393533DB27}.Debug|x64.Build.0 = Debug|x64
		{51A69703-8CF2-4A1A-A310-D2393533DB27}.Debug|x86.ActiveCfg = Debug|Win32
		{51A69703-8CF2-4A1A-A310-D2393533DB27}.Debug|x86.Build.0 = Debug|Win32
		{51A69703-8CF2-4A1A-A310-D2393533DB27}.Release|x64.ActiveCfg = Release|x64
		{51A69703-8CF2-4A1A-A310-D2393533DB27}.Release|x64.Build.0 = Release|x64
		{51A69703-8CF2-4A1A-A310-D2393533DB27}.Release|x86.ActiveCfg = Release|Win32
		{51A69703-8CF2-4A1A-A310-D2393533DB27}.Release|x86.Build.0 = Release|Win32
		{A202A740-077E-4C22-BD21-51865393F941}.Debug|x64.ActiveCfg = Debug|x64
		{A202A740-077E-4C22-BD21-51865393F941}.Debug|x64.Build.0 = Debug|x64
		{A202A740-077E-4C22-BD21-51865393F941}.Debug|x86.ActiveCfg = Debug|Win32
		{A202A740-077E-4C22-BD21-51865393F941}.Debug|x86.Build.0 = Debug|Win32
		{A202A740-077E-4C22-BD21-51865393F941}.Release|x64.ActiveCfg = Release|x64
		{A202A740-077E-4C22-BD21-51865393F941}.Release|x64.Build.0 = Release|x64
		{A202A740-077E-4C22-BD21-51865393F941}.Release|x86.ActiveCfg = Release|Win32
		{A202A740-077E-4C22-BD21-51865393F941}.Release|x86.Build.0 = Release|Win32
		{C0D1557C-ADA0-4CB6-A490-3E0E1025EBC2}.Debug|x64.ActiveCfg = Debug|x64
		{C0D1557C-ADA0-4CB6-A490-3E0E1025EBC2}.Debug|x64.Build.0 = Debug|x64
		{C0D1557C-ADA0-4CB6-A490-3E0E1025EBC2}.Debug|x86.ActiveCfg = Debug|Win32
		{C0D1557C-ADA0-4CB6-A490-3E0E1025EBC2}.Debug|x86.Build.0 = Debug|Win32
		{C0D1557C-ADA0-4CB6-A490-3E0E1025EBC2}.Release|x64.ActiveCfg = Release|x64
		{C0D1557C-ADA0-4CB6-A490-3E0E1025EBC2}.Release|x64.Build.0 = Release|x64
		{C0D1557C-ADA0-4CB6-A490-3E0E1025EBC2}.Release|x86.ActiveCfg = Release|Win32
		{C0D1557C-ADA0-4CB6-A490-3E0E1025EBC2}.Release|x86.Build.0 = Release|Win32
		{2BE8E9C9-BD14-4CF0-AB27-C3174F0E04FE}.Debug|x64.ActiveCfg = Debug|x64
		{2BE8E9C9-BD14-4CF0-AB27-C3174F0E04FE}.Debug|x64.Build.0 = Debug|x64
		{2BE8E9C9-BD14-4CF0-AB27-C3174F0E04FE}.Debug|x86.ActiveCfg = Debug|Win32
		{2BE8E9C9-BD14-4CF0-AB27-C3174F0E04FE}.Debug|x86.Build.0 = Debug|Win32
		{2BE8E9C9-BD14-4CF0-AB27-C3174F0E04FE}.Release|x64.ActiveCfg = Release|x64
		{2BE8E9C9-BD14-4CF0-AB27-C3174F0E04FE}.Release|x64.Build.0 = Release|x64
		{2BE8E9C9-BD14-4CF0-AB27-C3174F0E04FE}.Release|x86.ActiveCfg = Release|Win32
		{2BE8E9C9-BD14-4CF0-AB27-C3174F0E04FE}.Release|x86.Build.0 = Release|Win32
		{592161DA-5E6F-482D-9F5D-FCC83D8F9319}.Debug|x64.ActiveCfg = Debug|x64
		{592161DA-5E6F-482D-9F5D-FCC83D8F9319}.Debug|x64.Build.0 = Debug|x64
		{592161DA-5E6F-482D-9F5D-FCC83D8F9319}.Debug|x86.ActiveCfg = Debug|Win32
		{592161DA-5E6F-482D-9F5D-FCC83D8F9319}.Debug|x86.Build.0 = Debug|Win32
		{592161DA-5E6F-482D-9F5D-FCC83D8F9319}.Release|x64.ActiveCfg = Release|x64
		{592161DA-5E6F-482D-9F5D-FCC83D8F9319}.Release|x64.Build.0 = Release|x64
		{592161DA-5E6F-482D-9F5D-FCC83D8F9319}.Release|x86.ActiveCfg = Release|Win32
		{592161DA-5E6F-482D-9F5D-FCC83D8F9319}.Release|x86.Build.0 = Release|Win32
		{601945F1-8CF3-418A-91BB-FB19F1A5FD4F}.Debug|x64.ActiveCfg = Debug|x64
		{601945F1-8CF3-418A-91BB-FB19F1A5FD4F}.Debug|x64.Build.0 = Debug|x64
		{601945F1-8CF3-418A-91BB-FB19F1A5FD4F}.Debug|x86.ActiveCfg = Debug|Win32
		{601945F1-8CF3-418A-91BB-FB19F1A5FD4F}.Debug|x86.Build.0 = Debug|Win32
		{601945F1-8CF3-418A-91BB-FB19F1A5FD4F}.Release|x64.ActiveCfg = Release|x64
		{601945F1-8CF3-418A-91BB-FB19F1A5FD4F}.Release|x64.Build.0 = Release|x64
		{601945F1-8CF3-418A-91BB-FB19F1A5FD4F}.Release|x86.ActiveCfg = Release|Win32
		{601945F1-8CF3-418A-91BB-FB19F1A5FD4F}.Release|x86.Build.0 = Release|Win32
	EndGlobalSection
	GlobalSection(SolutionProperties) = preSolution
		HideSolutionNode = FALSE
	EndGlobalSection
	GlobalSection(ExtensibilityGlobals) = postSolution
		SolutionGuid = {B2AAF390-A085-4EC7-B7D0-C21EF69801AB}
	EndGlobalSection
EndGlobal
