
Microsoft Visual Studio Solution File, Format Version 12.00
# Visual Studio 15
VisualStudioVersion = 15.0.28307.1169
MinimumVisualStudioVersion = 10.0.40219.1
Project("{8BC9CEB8-8B4A-11D0-8D11-00A0C91BC942}") = "1339beakjoon", "1339beakjoon.vcxproj", "{CED20BBD-452F-4104-87E3-4BAD6C2F0A9B}"
EndProject
Global
	GlobalSection(SolutionConfigurationPlatforms) = preSolution
		Debug|x64 = Debug|x64
		Debug|x86 = Debug|x86
		Release|x64 = Release|x64
		Release|x86 = Release|x86
	EndGlobalSection
	GlobalSection(ProjectConfigurationPlatforms) = postSolution
		{CED20BBD-452F-4104-87E3-4BAD6C2F0A9B}.Debug|x64.ActiveCfg = Debug|x64
		{CED20BBD-452F-4104-87E3-4BAD6C2F0A9B}.Debug|x64.Build.0 = Debug|x64
		{CED20BBD-452F-4104-87E3-4BAD6C2F0A9B}.Debug|x86.ActiveCfg = Debug|Win32
		{CED20BBD-452F-4104-87E3-4BAD6C2F0A9B}.Debug|x86.Build.0 = Debug|Win32
		{CED20BBD-452F-4104-87E3-4BAD6C2F0A9B}.Release|x64.ActiveCfg = Release|x64
		{CED20BBD-452F-4104-87E3-4BAD6C2F0A9B}.Release|x64.Build.0 = Release|x64
		{CED20BBD-452F-4104-87E3-4BAD6C2F0A9B}.Release|x86.ActiveCfg = Release|Win32
		{CED20BBD-452F-4104-87E3-4BAD6C2F0A9B}.Release|x86.Build.0 = Release|Win32
	EndGlobalSection
	GlobalSection(SolutionProperties) = preSolution
		HideSolutionNode = FALSE
	EndGlobalSection
	GlobalSection(ExtensibilityGlobals) = postSolution
		SolutionGuid = {1675DC04-452D-488C-A3DF-224F1E1B8EE3}
	EndGlobalSection
EndGlobal
