
Microsoft Visual Studio Solution File, Format Version 12.00
# Visual Studio 15
VisualStudioVersion = 15.0.28307.1169
MinimumVisualStudioVersion = 10.0.40219.1
Project("{8BC9CEB8-8B4A-11D0-8D11-00A0C91BC942}") = "1922beakjoon", "1922beakjoon.vcxproj", "{5D1E7C68-F797-40E1-BCEC-2DFA735E41EC}"
EndProject
Global
	GlobalSection(SolutionConfigurationPlatforms) = preSolution
		Debug|x64 = Debug|x64
		Debug|x86 = Debug|x86
		Release|x64 = Release|x64
		Release|x86 = Release|x86
	EndGlobalSection
	GlobalSection(ProjectConfigurationPlatforms) = postSolution
		{5D1E7C68-F797-40E1-BCEC-2DFA735E41EC}.Debug|x64.ActiveCfg = Debug|x64
		{5D1E7C68-F797-40E1-BCEC-2DFA735E41EC}.Debug|x64.Build.0 = Debug|x64
		{5D1E7C68-F797-40E1-BCEC-2DFA735E41EC}.Debug|x86.ActiveCfg = Debug|Win32
		{5D1E7C68-F797-40E1-BCEC-2DFA735E41EC}.Debug|x86.Build.0 = Debug|Win32
		{5D1E7C68-F797-40E1-BCEC-2DFA735E41EC}.Release|x64.ActiveCfg = Release|x64
		{5D1E7C68-F797-40E1-BCEC-2DFA735E41EC}.Release|x64.Build.0 = Release|x64
		{5D1E7C68-F797-40E1-BCEC-2DFA735E41EC}.Release|x86.ActiveCfg = Release|Win32
		{5D1E7C68-F797-40E1-BCEC-2DFA735E41EC}.Release|x86.Build.0 = Release|Win32
	EndGlobalSection
	GlobalSection(SolutionProperties) = preSolution
		HideSolutionNode = FALSE
	EndGlobalSection
	GlobalSection(ExtensibilityGlobals) = postSolution
		SolutionGuid = {30C68D3F-64F9-43B0-9316-4BF4211CCA8F}
	EndGlobalSection
EndGlobal
