
Microsoft Visual Studio Solution File, Format Version 12.00
# Visual Studio Version 16
VisualStudioVersion = 16.0.31005.135
MinimumVisualStudioVersion = 10.0.40219.1
Project("{8BC9CEB8-8B4A-11D0-8D11-00A0C91BC942}") = "data_structure", "data_structure\data_structure.vcxproj", "{D6ACA717-9B69-4E04-944D-1967F9D5EDE2}"
EndProject
Project("{8BC9CEB8-8B4A-11D0-8D11-00A0C91BC942}") = "구조2_3111Beakjoon검열_", "3111Beakjoon\3111Beakjoon.vcxproj", "{8EC3B313-3807-41F7-A2F6-8E975FF30C4C}"
EndProject
Project("{8BC9CEB8-8B4A-11D0-8D11-00A0C91BC942}") = "10828BeakJoon스택", "10828BeakJoon백준\10828BeakJoon백준.vcxproj", "{2F259327-D04F-40BB-8F49-B03720E394AD}"
EndProject
Project("{8BC9CEB8-8B4A-11D0-8D11-00A0C91BC942}") = "9012Beakjoon괄호", "9012Beakjoon괄호\9012Beakjoon괄호.vcxproj", "{BB3B3BB4-DFD8-4772-9412-A455673FCDA8}"
EndProject
Project("{8BC9CEB8-8B4A-11D0-8D11-00A0C91BC942}") = "10799쇠막대기", "10799쇠막대기\10799쇠막대기.vcxproj", "{A3B5D8F9-2E00-4924-AF1B-9A540C7A7946}"
EndProject
Project("{8BC9CEB8-8B4A-11D0-8D11-00A0C91BC942}") = "1406에디터", "1406에디터\1406에디터.vcxproj", "{D9D6F11B-4EF7-41F9-99CC-9000CA3A1010}"
EndProject
Project("{8BC9CEB8-8B4A-11D0-8D11-00A0C91BC942}") = "구조2_9935문자열폭발", "9935문자열폭발\9935문자열폭발.vcxproj", "{2D147792-56C4-4864-9F25-621AE950AFD1}"
EndProject
Project("{8BC9CEB8-8B4A-11D0-8D11-00A0C91BC942}") = "10845큐", "10845큐\10845큐.vcxproj", "{F83BD9F0-17D1-4A38-82EF-60E23BF160E5}"
EndProject
Project("{8BC9CEB8-8B4A-11D0-8D11-00A0C91BC942}") = "1158요세푸스", "1158요세푸스\1158요세푸스.vcxproj", "{5DA1C59C-FB6E-4EBE-9D82-FF3C093A6D01}"
EndProject
Project("{8BC9CEB8-8B4A-11D0-8D11-00A0C91BC942}") = "10866덱", "10866덱\10866덱.vcxproj", "{BC064731-272B-48E5-BA79-2BE7D9327543}"
EndProject
Project("{8BC9CEB8-8B4A-11D0-8D11-00A0C91BC942}") = "10808알파벳개수", "10808알파벳개수\10808알파벳개수.vcxproj", "{14E5978F-3A88-45C1-ADD9-C8EA1F8BE0F6}"
EndProject
Project("{8BC9CEB8-8B4A-11D0-8D11-00A0C91BC942}") = "10820문자열분석", "10820문자열분석\10820문자열분석.vcxproj", "{D810550B-1B16-490C-83DB-5BFC88D14085}"
EndProject
Project("{8BC9CEB8-8B4A-11D0-8D11-00A0C91BC942}") = "구조2_6549히스토그램_가장_큰_직사각형", "6549히스토그램_가장_큰_직사각형\6549히스토그램_가장_큰_직사각형.vcxproj", "{693952FA-D589-44F9-950A-CDBA1AB82265}"
EndProject
Project("{8BC9CEB8-8B4A-11D0-8D11-00A0C91BC942}") = "구조2_3015오아시스재결합", "구조2_3015오아시스재결합\구조2_3015오아시스재결합.vcxproj", "{4A9B1B53-9E5E-4125-8E12-B319B9EF3FA7}"
EndProject
Project("{8BC9CEB8-8B4A-11D0-8D11-00A0C91BC942}") = "0613_구조2_집합의표현1717유니온파인드", "0613_구조2_집합의표현\0613_구조2_집합의표현.vcxproj", "{3C43D499-5490-41CE-92DE-5F7C6C15CE3F}"
EndProject
Project("{8BC9CEB8-8B4A-11D0-8D11-00A0C91BC942}") = "0613_구조2_바이러스2606유니온파인드", "0613_구조2_바이러스2606\0613_구조2_바이러스2606.vcxproj", "{B3F268FC-7876-4983-9DA9-6A0FBD44049B}"
EndProject
Project("{8BC9CEB8-8B4A-11D0-8D11-00A0C91BC942}") = "0613_구조2최대힙11279", "0613_구조2최대힙11279\0613_구조2최대힙11279.vcxproj", "{805AC58E-9D2F-498B-86C5-9CD59D1E54A0}"
EndProject
Project("{8BC9CEB8-8B4A-11D0-8D11-00A0C91BC942}") = "0613_구조2최소힙1927", "0613_구조2최소힙1927\0613_구조2최소힙1927.vcxproj", "{45089DB7-9C35-4E99-BB47-C9CF7C817B57}"
EndProject
Project("{8BC9CEB8-8B4A-11D0-8D11-00A0C91BC942}") = "0613_구조2_12767이진트리", "0613_구조2_12767이진트리\0613_구조2_12767이진트리.vcxproj", "{3764074D-70AB-4125-89E1-FA52F7A53A05}"
EndProject
Project("{8BC9CEB8-8B4A-11D0-8D11-00A0C91BC942}") = "1874스택수열", "1874스택수열\1874스택수열.vcxproj", "{A37B312E-D38C-4A91-BE50-FDBC1878D07A}"
EndProject
Project("{8BC9CEB8-8B4A-11D0-8D11-00A0C91BC942}") = "1935후위표기식2", "1935후위표기식2\1935후위표기식2.vcxproj", "{257279D1-0C6A-4BE2-A578-7FEF5119257B}"
EndProject
Project("{8BC9CEB8-8B4A-11D0-8D11-00A0C91BC942}") = "1966프린터큐", "1966프린터큐\1966프린터큐.vcxproj", "{FFC0E794-5E49-4DD0-B533-4F234E999541}"
EndProject
Project("{8BC9CEB8-8B4A-11D0-8D11-00A0C91BC942}") = "2346풍선터뜨리기", "2346풍선터뜨리기\2346풍선터뜨리기.vcxproj", "{4A4E271A-3D65-4E62-9DCA-DA572F8B7254}"
EndProject
Project("{8BC9CEB8-8B4A-11D0-8D11-00A0C91BC942}") = "2504괄호의값", "2504괄호의값\2504괄호의값.vcxproj", "{289DCB6C-59AD-492D-9A29-497455478F69}"
EndProject
Global
	GlobalSection(SolutionConfigurationPlatforms) = preSolution
		Debug|x64 = Debug|x64
		Debug|x86 = Debug|x86
		Release|x64 = Release|x64
		Release|x86 = Release|x86
	EndGlobalSection
	GlobalSection(ProjectConfigurationPlatforms) = postSolution
		{D6ACA717-9B69-4E04-944D-1967F9D5EDE2}.Debug|x64.ActiveCfg = Debug|x64
		{D6ACA717-9B69-4E04-944D-1967F9D5EDE2}.Debug|x64.Build.0 = Debug|x64
		{D6ACA717-9B69-4E04-944D-1967F9D5EDE2}.Debug|x86.ActiveCfg = Debug|Win32
		{D6ACA717-9B69-4E04-944D-1967F9D5EDE2}.Debug|x86.Build.0 = Debug|Win32
		{D6ACA717-9B69-4E04-944D-1967F9D5EDE2}.Release|x64.ActiveCfg = Release|x64
		{D6ACA717-9B69-4E04-944D-1967F9D5EDE2}.Release|x64.Build.0 = Release|x64
		{D6ACA717-9B69-4E04-944D-1967F9D5EDE2}.Release|x86.ActiveCfg = Release|Win32
		{D6ACA717-9B69-4E04-944D-1967F9D5EDE2}.Release|x86.Build.0 = Release|Win32
		{8EC3B313-3807-41F7-A2F6-8E975FF30C4C}.Debug|x64.ActiveCfg = Debug|x64
		{8EC3B313-3807-41F7-A2F6-8E975FF30C4C}.Debug|x64.Build.0 = Debug|x64
		{8EC3B313-3807-41F7-A2F6-8E975FF30C4C}.Debug|x86.ActiveCfg = Debug|Win32
		{8EC3B313-3807-41F7-A2F6-8E975FF30C4C}.Debug|x86.Build.0 = Debug|Win32
		{8EC3B313-3807-41F7-A2F6-8E975FF30C4C}.Release|x64.ActiveCfg = Release|x64
		{8EC3B313-3807-41F7-A2F6-8E975FF30C4C}.Release|x64.Build.0 = Release|x64
		{8EC3B313-3807-41F7-A2F6-8E975FF30C4C}.Release|x86.ActiveCfg = Release|Win32
		{8EC3B313-3807-41F7-A2F6-8E975FF30C4C}.Release|x86.Build.0 = Release|Win32
		{2F259327-D04F-40BB-8F49-B03720E394AD}.Debug|x64.ActiveCfg = Debug|x64
		{2F259327-D04F-40BB-8F49-B03720E394AD}.Debug|x64.Build.0 = Debug|x64
		{2F259327-D04F-40BB-8F49-B03720E394AD}.Debug|x86.ActiveCfg = Debug|Win32
		{2F259327-D04F-40BB-8F49-B03720E394AD}.Debug|x86.Build.0 = Debug|Win32
		{2F259327-D04F-40BB-8F49-B03720E394AD}.Release|x64.ActiveCfg = Release|x64
		{2F259327-D04F-40BB-8F49-B03720E394AD}.Release|x64.Build.0 = Release|x64
		{2F259327-D04F-40BB-8F49-B03720E394AD}.Release|x86.ActiveCfg = Release|Win32
		{2F259327-D04F-40BB-8F49-B03720E394AD}.Release|x86.Build.0 = Release|Win32
		{BB3B3BB4-DFD8-4772-9412-A455673FCDA8}.Debug|x64.ActiveCfg = Debug|x64
		{BB3B3BB4-DFD8-4772-9412-A455673FCDA8}.Debug|x64.Build.0 = Debug|x64
		{BB3B3BB4-DFD8-4772-9412-A455673FCDA8}.Debug|x86.ActiveCfg = Debug|Win32
		{BB3B3BB4-DFD8-4772-9412-A455673FCDA8}.Debug|x86.Build.0 = Debug|Win32
		{BB3B3BB4-DFD8-4772-9412-A455673FCDA8}.Release|x64.ActiveCfg = Release|x64
		{BB3B3BB4-DFD8-4772-9412-A455673FCDA8}.Release|x64.Build.0 = Release|x64
		{BB3B3BB4-DFD8-4772-9412-A455673FCDA8}.Release|x86.ActiveCfg = Release|Win32
		{BB3B3BB4-DFD8-4772-9412-A455673FCDA8}.Release|x86.Build.0 = Release|Win32
		{A3B5D8F9-2E00-4924-AF1B-9A540C7A7946}.Debug|x64.ActiveCfg = Debug|x64
		{A3B5D8F9-2E00-4924-AF1B-9A540C7A7946}.Debug|x64.Build.0 = Debug|x64
		{A3B5D8F9-2E00-4924-AF1B-9A540C7A7946}.Debug|x86.ActiveCfg = Debug|Win32
		{A3B5D8F9-2E00-4924-AF1B-9A540C7A7946}.Debug|x86.Build.0 = Debug|Win32
		{A3B5D8F9-2E00-4924-AF1B-9A540C7A7946}.Release|x64.ActiveCfg = Release|x64
		{A3B5D8F9-2E00-4924-AF1B-9A540C7A7946}.Release|x64.Build.0 = Release|x64
		{A3B5D8F9-2E00-4924-AF1B-9A540C7A7946}.Release|x86.ActiveCfg = Release|Win32
		{A3B5D8F9-2E00-4924-AF1B-9A540C7A7946}.Release|x86.Build.0 = Release|Win32
		{D9D6F11B-4EF7-41F9-99CC-9000CA3A1010}.Debug|x64.ActiveCfg = Debug|x64
		{D9D6F11B-4EF7-41F9-99CC-9000CA3A1010}.Debug|x64.Build.0 = Debug|x64
		{D9D6F11B-4EF7-41F9-99CC-9000CA3A1010}.Debug|x86.ActiveCfg = Debug|Win32
		{D9D6F11B-4EF7-41F9-99CC-9000CA3A1010}.Debug|x86.Build.0 = Debug|Win32
		{D9D6F11B-4EF7-41F9-99CC-9000CA3A1010}.Release|x64.ActiveCfg = Release|x64
		{D9D6F11B-4EF7-41F9-99CC-9000CA3A1010}.Release|x64.Build.0 = Release|x64
		{D9D6F11B-4EF7-41F9-99CC-9000CA3A1010}.Release|x86.ActiveCfg = Release|Win32
		{D9D6F11B-4EF7-41F9-99CC-9000CA3A1010}.Release|x86.Build.0 = Release|Win32
		{2D147792-56C4-4864-9F25-621AE950AFD1}.Debug|x64.ActiveCfg = Debug|x64
		{2D147792-56C4-4864-9F25-621AE950AFD1}.Debug|x64.Build.0 = Debug|x64
		{2D147792-56C4-4864-9F25-621AE950AFD1}.Debug|x86.ActiveCfg = Debug|Win32
		{2D147792-56C4-4864-9F25-621AE950AFD1}.Debug|x86.Build.0 = Debug|Win32
		{2D147792-56C4-4864-9F25-621AE950AFD1}.Release|x64.ActiveCfg = Release|x64
		{2D147792-56C4-4864-9F25-621AE950AFD1}.Release|x64.Build.0 = Release|x64
		{2D147792-56C4-4864-9F25-621AE950AFD1}.Release|x86.ActiveCfg = Release|Win32
		{2D147792-56C4-4864-9F25-621AE950AFD1}.Release|x86.Build.0 = Release|Win32
		{F83BD9F0-17D1-4A38-82EF-60E23BF160E5}.Debug|x64.ActiveCfg = Debug|x64
		{F83BD9F0-17D1-4A38-82EF-60E23BF160E5}.Debug|x64.Build.0 = Debug|x64
		{F83BD9F0-17D1-4A38-82EF-60E23BF160E5}.Debug|x86.ActiveCfg = Debug|Win32
		{F83BD9F0-17D1-4A38-82EF-60E23BF160E5}.Debug|x86.Build.0 = Debug|Win32
		{F83BD9F0-17D1-4A38-82EF-60E23BF160E5}.Release|x64.ActiveCfg = Release|x64
		{F83BD9F0-17D1-4A38-82EF-60E23BF160E5}.Release|x64.Build.0 = Release|x64
		{F83BD9F0-17D1-4A38-82EF-60E23BF160E5}.Release|x86.ActiveCfg = Release|Win32
		{F83BD9F0-17D1-4A38-82EF-60E23BF160E5}.Release|x86.Build.0 = Release|Win32
		{5DA1C59C-FB6E-4EBE-9D82-FF3C093A6D01}.Debug|x64.ActiveCfg = Debug|x64
		{5DA1C59C-FB6E-4EBE-9D82-FF3C093A6D01}.Debug|x64.Build.0 = Debug|x64
		{5DA1C59C-FB6E-4EBE-9D82-FF3C093A6D01}.Debug|x86.ActiveCfg = Debug|Win32
		{5DA1C59C-FB6E-4EBE-9D82-FF3C093A6D01}.Debug|x86.Build.0 = Debug|Win32
		{5DA1C59C-FB6E-4EBE-9D82-FF3C093A6D01}.Release|x64.ActiveCfg = Release|x64
		{5DA1C59C-FB6E-4EBE-9D82-FF3C093A6D01}.Release|x64.Build.0 = Release|x64
		{5DA1C59C-FB6E-4EBE-9D82-FF3C093A6D01}.Release|x86.ActiveCfg = Release|Win32
		{5DA1C59C-FB6E-4EBE-9D82-FF3C093A6D01}.Release|x86.Build.0 = Release|Win32
		{BC064731-272B-48E5-BA79-2BE7D9327543}.Debug|x64.ActiveCfg = Debug|x64
		{BC064731-272B-48E5-BA79-2BE7D9327543}.Debug|x64.Build.0 = Debug|x64
		{BC064731-272B-48E5-BA79-2BE7D9327543}.Debug|x86.ActiveCfg = Debug|Win32
		{BC064731-272B-48E5-BA79-2BE7D9327543}.Debug|x86.Build.0 = Debug|Win32
		{BC064731-272B-48E5-BA79-2BE7D9327543}.Release|x64.ActiveCfg = Release|x64
		{BC064731-272B-48E5-BA79-2BE7D9327543}.Release|x64.Build.0 = Release|x64
		{BC064731-272B-48E5-BA79-2BE7D9327543}.Release|x86.ActiveCfg = Release|Win32
		{BC064731-272B-48E5-BA79-2BE7D9327543}.Release|x86.Build.0 = Release|Win32
		{14E5978F-3A88-45C1-ADD9-C8EA1F8BE0F6}.Debug|x64.ActiveCfg = Debug|x64
		{14E5978F-3A88-45C1-ADD9-C8EA1F8BE0F6}.Debug|x64.Build.0 = Debug|x64
		{14E5978F-3A88-45C1-ADD9-C8EA1F8BE0F6}.Debug|x86.ActiveCfg = Debug|Win32
		{14E5978F-3A88-45C1-ADD9-C8EA1F8BE0F6}.Debug|x86.Build.0 = Debug|Win32
		{14E5978F-3A88-45C1-ADD9-C8EA1F8BE0F6}.Release|x64.ActiveCfg = Release|x64
		{14E5978F-3A88-45C1-ADD9-C8EA1F8BE0F6}.Release|x64.Build.0 = Release|x64
		{14E5978F-3A88-45C1-ADD9-C8EA1F8BE0F6}.Release|x86.ActiveCfg = Release|Win32
		{14E5978F-3A88-45C1-ADD9-C8EA1F8BE0F6}.Release|x86.Build.0 = Release|Win32
		{D810550B-1B16-490C-83DB-5BFC88D14085}.Debug|x64.ActiveCfg = Debug|x64
		{D810550B-1B16-490C-83DB-5BFC88D14085}.Debug|x64.Build.0 = Debug|x64
		{D810550B-1B16-490C-83DB-5BFC88D14085}.Debug|x86.ActiveCfg = Debug|Win32
		{D810550B-1B16-490C-83DB-5BFC88D14085}.Debug|x86.Build.0 = Debug|Win32
		{D810550B-1B16-490C-83DB-5BFC88D14085}.Release|x64.ActiveCfg = Release|x64
		{D810550B-1B16-490C-83DB-5BFC88D14085}.Release|x64.Build.0 = Release|x64
		{D810550B-1B16-490C-83DB-5BFC88D14085}.Release|x86.ActiveCfg = Release|Win32
		{D810550B-1B16-490C-83DB-5BFC88D14085}.Release|x86.Build.0 = Release|Win32
		{693952FA-D589-44F9-950A-CDBA1AB82265}.Debug|x64.ActiveCfg = Debug|x64
		{693952FA-D589-44F9-950A-CDBA1AB82265}.Debug|x64.Build.0 = Debug|x64
		{693952FA-D589-44F9-950A-CDBA1AB82265}.Debug|x86.ActiveCfg = Debug|Win32
		{693952FA-D589-44F9-950A-CDBA1AB82265}.Debug|x86.Build.0 = Debug|Win32
		{693952FA-D589-44F9-950A-CDBA1AB82265}.Release|x64.ActiveCfg = Release|x64
		{693952FA-D589-44F9-950A-CDBA1AB82265}.Release|x64.Build.0 = Release|x64
		{693952FA-D589-44F9-950A-CDBA1AB82265}.Release|x86.ActiveCfg = Release|Win32
		{693952FA-D589-44F9-950A-CDBA1AB82265}.Release|x86.Build.0 = Release|Win32
		{4A9B1B53-9E5E-4125-8E12-B319B9EF3FA7}.Debug|x64.ActiveCfg = Debug|x64
		{4A9B1B53-9E5E-4125-8E12-B319B9EF3FA7}.Debug|x64.Build.0 = Debug|x64
		{4A9B1B53-9E5E-4125-8E12-B319B9EF3FA7}.Debug|x86.ActiveCfg = Debug|Win32
		{4A9B1B53-9E5E-4125-8E12-B319B9EF3FA7}.Debug|x86.Build.0 = Debug|Win32
		{4A9B1B53-9E5E-4125-8E12-B319B9EF3FA7}.Release|x64.ActiveCfg = Release|x64
		{4A9B1B53-9E5E-4125-8E12-B319B9EF3FA7}.Release|x64.Build.0 = Release|x64
		{4A9B1B53-9E5E-4125-8E12-B319B9EF3FA7}.Release|x86.ActiveCfg = Release|Win32
		{4A9B1B53-9E5E-4125-8E12-B319B9EF3FA7}.Release|x86.Build.0 = Release|Win32
		{3C43D499-5490-41CE-92DE-5F7C6C15CE3F}.Debug|x64.ActiveCfg = Debug|x64
		{3C43D499-5490-41CE-92DE-5F7C6C15CE3F}.Debug|x64.Build.0 = Debug|x64
		{3C43D499-5490-41CE-92DE-5F7C6C15CE3F}.Debug|x86.ActiveCfg = Debug|Win32
		{3C43D499-5490-41CE-92DE-5F7C6C15CE3F}.Debug|x86.Build.0 = Debug|Win32
		{3C43D499-5490-41CE-92DE-5F7C6C15CE3F}.Release|x64.ActiveCfg = Release|x64
		{3C43D499-5490-41CE-92DE-5F7C6C15CE3F}.Release|x64.Build.0 = Release|x64
		{3C43D499-5490-41CE-92DE-5F7C6C15CE3F}.Release|x86.ActiveCfg = Release|Win32
		{3C43D499-5490-41CE-92DE-5F7C6C15CE3F}.Release|x86.Build.0 = Release|Win32
		{B3F268FC-7876-4983-9DA9-6A0FBD44049B}.Debug|x64.ActiveCfg = Debug|x64
		{B3F268FC-7876-4983-9DA9-6A0FBD44049B}.Debug|x64.Build.0 = Debug|x64
		{B3F268FC-7876-4983-9DA9-6A0FBD44049B}.Debug|x86.ActiveCfg = Debug|Win32
		{B3F268FC-7876-4983-9DA9-6A0FBD44049B}.Debug|x86.Build.0 = Debug|Win32
		{B3F268FC-7876-4983-9DA9-6A0FBD44049B}.Release|x64.ActiveCfg = Release|x64
		{B3F268FC-7876-4983-9DA9-6A0FBD44049B}.Release|x64.Build.0 = Release|x64
		{B3F268FC-7876-4983-9DA9-6A0FBD44049B}.Release|x86.ActiveCfg = Release|Win32
		{B3F268FC-7876-4983-9DA9-6A0FBD44049B}.Release|x86.Build.0 = Release|Win32
		{805AC58E-9D2F-498B-86C5-9CD59D1E54A0}.Debug|x64.ActiveCfg = Debug|x64
		{805AC58E-9D2F-498B-86C5-9CD59D1E54A0}.Debug|x64.Build.0 = Debug|x64
		{805AC58E-9D2F-498B-86C5-9CD59D1E54A0}.Debug|x86.ActiveCfg = Debug|Win32
		{805AC58E-9D2F-498B-86C5-9CD59D1E54A0}.Debug|x86.Build.0 = Debug|Win32
		{805AC58E-9D2F-498B-86C5-9CD59D1E54A0}.Release|x64.ActiveCfg = Release|x64
		{805AC58E-9D2F-498B-86C5-9CD59D1E54A0}.Release|x64.Build.0 = Release|x64
		{805AC58E-9D2F-498B-86C5-9CD59D1E54A0}.Release|x86.ActiveCfg = Release|Win32
		{805AC58E-9D2F-498B-86C5-9CD59D1E54A0}.Release|x86.Build.0 = Release|Win32
		{45089DB7-9C35-4E99-BB47-C9CF7C817B57}.Debug|x64.ActiveCfg = Debug|x64
		{45089DB7-9C35-4E99-BB47-C9CF7C817B57}.Debug|x64.Build.0 = Debug|x64
		{45089DB7-9C35-4E99-BB47-C9CF7C817B57}.Debug|x86.ActiveCfg = Debug|Win32
		{45089DB7-9C35-4E99-BB47-C9CF7C817B57}.Debug|x86.Build.0 = Debug|Win32
		{45089DB7-9C35-4E99-BB47-C9CF7C817B57}.Release|x64.ActiveCfg = Release|x64
		{45089DB7-9C35-4E99-BB47-C9CF7C817B57}.Release|x64.Build.0 = Release|x64
		{45089DB7-9C35-4E99-BB47-C9CF7C817B57}.Release|x86.ActiveCfg = Release|Win32
		{45089DB7-9C35-4E99-BB47-C9CF7C817B57}.Release|x86.Build.0 = Release|Win32
		{3764074D-70AB-4125-89E1-FA52F7A53A05}.Debug|x64.ActiveCfg = Debug|x64
		{3764074D-70AB-4125-89E1-FA52F7A53A05}.Debug|x64.Build.0 = Debug|x64
		{3764074D-70AB-4125-89E1-FA52F7A53A05}.Debug|x86.ActiveCfg = Debug|Win32
		{3764074D-70AB-4125-89E1-FA52F7A53A05}.Debug|x86.Build.0 = Debug|Win32
		{3764074D-70AB-4125-89E1-FA52F7A53A05}.Release|x64.ActiveCfg = Release|x64
		{3764074D-70AB-4125-89E1-FA52F7A53A05}.Release|x64.Build.0 = Release|x64
		{3764074D-70AB-4125-89E1-FA52F7A53A05}.Release|x86.ActiveCfg = Release|Win32
		{3764074D-70AB-4125-89E1-FA52F7A53A05}.Release|x86.Build.0 = Release|Win32
		{A37B312E-D38C-4A91-BE50-FDBC1878D07A}.Debug|x64.ActiveCfg = Debug|x64
		{A37B312E-D38C-4A91-BE50-FDBC1878D07A}.Debug|x64.Build.0 = Debug|x64
		{A37B312E-D38C-4A91-BE50-FDBC1878D07A}.Debug|x86.ActiveCfg = Debug|Win32
		{A37B312E-D38C-4A91-BE50-FDBC1878D07A}.Debug|x86.Build.0 = Debug|Win32
		{A37B312E-D38C-4A91-BE50-FDBC1878D07A}.Release|x64.ActiveCfg = Release|x64
		{A37B312E-D38C-4A91-BE50-FDBC1878D07A}.Release|x64.Build.0 = Release|x64
		{A37B312E-D38C-4A91-BE50-FDBC1878D07A}.Release|x86.ActiveCfg = Release|Win32
		{A37B312E-D38C-4A91-BE50-FDBC1878D07A}.Release|x86.Build.0 = Release|Win32
		{257279D1-0C6A-4BE2-A578-7FEF5119257B}.Debug|x64.ActiveCfg = Debug|x64
		{257279D1-0C6A-4BE2-A578-7FEF5119257B}.Debug|x64.Build.0 = Debug|x64
		{257279D1-0C6A-4BE2-A578-7FEF5119257B}.Debug|x86.ActiveCfg = Debug|Win32
		{257279D1-0C6A-4BE2-A578-7FEF5119257B}.Debug|x86.Build.0 = Debug|Win32
		{257279D1-0C6A-4BE2-A578-7FEF5119257B}.Release|x64.ActiveCfg = Release|x64
		{257279D1-0C6A-4BE2-A578-7FEF5119257B}.Release|x64.Build.0 = Release|x64
		{257279D1-0C6A-4BE2-A578-7FEF5119257B}.Release|x86.ActiveCfg = Release|Win32
		{257279D1-0C6A-4BE2-A578-7FEF5119257B}.Release|x86.Build.0 = Release|Win32
		{FFC0E794-5E49-4DD0-B533-4F234E999541}.Debug|x64.ActiveCfg = Debug|x64
		{FFC0E794-5E49-4DD0-B533-4F234E999541}.Debug|x64.Build.0 = Debug|x64
		{FFC0E794-5E49-4DD0-B533-4F234E999541}.Debug|x86.ActiveCfg = Debug|Win32
		{FFC0E794-5E49-4DD0-B533-4F234E999541}.Debug|x86.Build.0 = Debug|Win32
		{FFC0E794-5E49-4DD0-B533-4F234E999541}.Release|x64.ActiveCfg = Release|x64
		{FFC0E794-5E49-4DD0-B533-4F234E999541}.Release|x64.Build.0 = Release|x64
		{FFC0E794-5E49-4DD0-B533-4F234E999541}.Release|x86.ActiveCfg = Release|Win32
		{FFC0E794-5E49-4DD0-B533-4F234E999541}.Release|x86.Build.0 = Release|Win32
		{4A4E271A-3D65-4E62-9DCA-DA572F8B7254}.Debug|x64.ActiveCfg = Debug|x64
		{4A4E271A-3D65-4E62-9DCA-DA572F8B7254}.Debug|x64.Build.0 = Debug|x64
		{4A4E271A-3D65-4E62-9DCA-DA572F8B7254}.Debug|x86.ActiveCfg = Debug|Win32
		{4A4E271A-3D65-4E62-9DCA-DA572F8B7254}.Debug|x86.Build.0 = Debug|Win32
		{4A4E271A-3D65-4E62-9DCA-DA572F8B7254}.Release|x64.ActiveCfg = Release|x64
		{4A4E271A-3D65-4E62-9DCA-DA572F8B7254}.Release|x64.Build.0 = Release|x64
		{4A4E271A-3D65-4E62-9DCA-DA572F8B7254}.Release|x86.ActiveCfg = Release|Win32
		{4A4E271A-3D65-4E62-9DCA-DA572F8B7254}.Release|x86.Build.0 = Release|Win32
		{289DCB6C-59AD-492D-9A29-497455478F69}.Debug|x64.ActiveCfg = Debug|x64
		{289DCB6C-59AD-492D-9A29-497455478F69}.Debug|x64.Build.0 = Debug|x64
		{289DCB6C-59AD-492D-9A29-497455478F69}.Debug|x86.ActiveCfg = Debug|Win32
		{289DCB6C-59AD-492D-9A29-497455478F69}.Debug|x86.Build.0 = Debug|Win32
		{289DCB6C-59AD-492D-9A29-497455478F69}.Release|x64.ActiveCfg = Release|x64
		{289DCB6C-59AD-492D-9A29-497455478F69}.Release|x64.Build.0 = Release|x64
		{289DCB6C-59AD-492D-9A29-497455478F69}.Release|x86.ActiveCfg = Release|Win32
		{289DCB6C-59AD-492D-9A29-497455478F69}.Release|x86.Build.0 = Release|Win32
	EndGlobalSection
	GlobalSection(SolutionProperties) = preSolution
		HideSolutionNode = FALSE
	EndGlobalSection
	GlobalSection(ExtensibilityGlobals) = postSolution
		SolutionGuid = {D8F37DC2-C0C1-446A-9149-F8CA9FE68E9F}
	EndGlobalSection
EndGlobal
