
Microsoft Visual Studio Solution File, Format Version 12.00
# Visual Studio Version 16
VisualStudioVersion = 16.0.31005.135
MinimumVisualStudioVersion = 10.0.40219.1
Project("{8BC9CEB8-8B4A-11D0-8D11-00A0C91BC942}") = "그리디", "그리디\그리디.vcxproj", "{A08D66FF-F006-448F-B734-AF259C487F4E}"
EndProject
Project("{8BC9CEB8-8B4A-11D0-8D11-00A0C91BC942}") = "14916거스름돈", "14916거스름돈\14916거스름돈.vcxproj", "{A66F0F59-BD5F-4BA2-B4A7-9B1714E44DD1}"
EndProject
Project("{8BC9CEB8-8B4A-11D0-8D11-00A0C91BC942}") = "1343폴리오미노", "1343폴리오미노\1343폴리오미노.vcxproj", "{115AB0DA-645C-44E9-9BFB-F1E17D20F3D5}"
EndProject
Project("{2150E333-8FDC-42A3-9474-1A3956D46DE8}") = "Solution Items", "Solution Items", "{2BC58CB9-7D02-4DC8-8D13-4AE073D1C88C}"
	ProjectSection(SolutionItems) = preProject
		기본코드.txt = 기본코드.txt
	EndProjectSection
EndProject
Project("{2150E333-8FDC-42A3-9474-1A3956D46DE8}") = "품", "품", "{7E0D64CE-6F52-4F7F-A7B6-DEF6CDC3444A}"
EndProject
Project("{8BC9CEB8-8B4A-11D0-8D11-00A0C91BC942}") = "13305주유소", "13305주유소\13305주유소.vcxproj", "{6EA5756F-193D-40A3-9AC0-2155EAE39821}"
EndProject
Project("{8BC9CEB8-8B4A-11D0-8D11-00A0C91BC942}") = "1758알바생강호", "1758알바생강호\1758알바생강호.vcxproj", "{9E5EBF0B-248D-4820-A336-FC8E3CF59C34}"
EndProject
Project("{8BC9CEB8-8B4A-11D0-8D11-00A0C91BC942}") = "11508_2플러스1세일", "11508_2플러스1세일\11508_2플러스1세일.vcxproj", "{794E3773-3A1A-4FE3-9642-E5D9405D9B06}"
EndProject
Project("{8BC9CEB8-8B4A-11D0-8D11-00A0C91BC942}") = "20300서강근육맨", "20300서강근육맨\20300서강근육맨.vcxproj", "{E409E89C-F9C5-478F-929C-C9DE3E51BA5E}"
EndProject
Global
	GlobalSection(SolutionConfigurationPlatforms) = preSolution
		Debug|x64 = Debug|x64
		Debug|x86 = Debug|x86
		Release|x64 = Release|x64
		Release|x86 = Release|x86
	EndGlobalSection
	GlobalSection(ProjectConfigurationPlatforms) = postSolution
		{A08D66FF-F006-448F-B734-AF259C487F4E}.Debug|x64.ActiveCfg = Debug|x64
		{A08D66FF-F006-448F-B734-AF259C487F4E}.Debug|x64.Build.0 = Debug|x64
		{A08D66FF-F006-448F-B734-AF259C487F4E}.Debug|x86.ActiveCfg = Debug|Win32
		{A08D66FF-F006-448F-B734-AF259C487F4E}.Debug|x86.Build.0 = Debug|Win32
		{A08D66FF-F006-448F-B734-AF259C487F4E}.Release|x64.ActiveCfg = Release|x64
		{A08D66FF-F006-448F-B734-AF259C487F4E}.Release|x64.Build.0 = Release|x64
		{A08D66FF-F006-448F-B734-AF259C487F4E}.Release|x86.ActiveCfg = Release|Win32
		{A08D66FF-F006-448F-B734-AF259C487F4E}.Release|x86.Build.0 = Release|Win32
		{A66F0F59-BD5F-4BA2-B4A7-9B1714E44DD1}.Debug|x64.ActiveCfg = Debug|x64
		{A66F0F59-BD5F-4BA2-B4A7-9B1714E44DD1}.Debug|x64.Build.0 = Debug|x64
		{A66F0F59-BD5F-4BA2-B4A7-9B1714E44DD1}.Debug|x86.ActiveCfg = Debug|Win32
		{A66F0F59-BD5F-4BA2-B4A7-9B1714E44DD1}.Debug|x86.Build.0 = Debug|Win32
		{A66F0F59-BD5F-4BA2-B4A7-9B1714E44DD1}.Release|x64.ActiveCfg = Release|x64
		{A66F0F59-BD5F-4BA2-B4A7-9B1714E44DD1}.Release|x64.Build.0 = Release|x64
		{A66F0F59-BD5F-4BA2-B4A7-9B1714E44DD1}.Release|x86.ActiveCfg = Release|Win32
		{A66F0F59-BD5F-4BA2-B4A7-9B1714E44DD1}.Release|x86.Build.0 = Release|Win32
		{115AB0DA-645C-44E9-9BFB-F1E17D20F3D5}.Debug|x64.ActiveCfg = Debug|x64
		{115AB0DA-645C-44E9-9BFB-F1E17D20F3D5}.Debug|x64.Build.0 = Debug|x64
		{115AB0DA-645C-44E9-9BFB-F1E17D20F3D5}.Debug|x86.ActiveCfg = Debug|Win32
		{115AB0DA-645C-44E9-9BFB-F1E17D20F3D5}.Debug|x86.Build.0 = Debug|Win32
		{115AB0DA-645C-44E9-9BFB-F1E17D20F3D5}.Release|x64.ActiveCfg = Release|x64
		{115AB0DA-645C-44E9-9BFB-F1E17D20F3D5}.Release|x64.Build.0 = Release|x64
		{115AB0DA-645C-44E9-9BFB-F1E17D20F3D5}.Release|x86.ActiveCfg = Release|Win32
		{115AB0DA-645C-44E9-9BFB-F1E17D20F3D5}.Release|x86.Build.0 = Release|Win32
		{6EA5756F-193D-40A3-9AC0-2155EAE39821}.Debug|x64.ActiveCfg = Debug|x64
		{6EA5756F-193D-40A3-9AC0-2155EAE39821}.Debug|x64.Build.0 = Debug|x64
		{6EA5756F-193D-40A3-9AC0-2155EAE39821}.Debug|x86.ActiveCfg = Debug|Win32
		{6EA5756F-193D-40A3-9AC0-2155EAE39821}.Debug|x86.Build.0 = Debug|Win32
		{6EA5756F-193D-40A3-9AC0-2155EAE39821}.Release|x64.ActiveCfg = Release|x64
		{6EA5756F-193D-40A3-9AC0-2155EAE39821}.Release|x64.Build.0 = Release|x64
		{6EA5756F-193D-40A3-9AC0-2155EAE39821}.Release|x86.ActiveCfg = Release|Win32
		{6EA5756F-193D-40A3-9AC0-2155EAE39821}.Release|x86.Build.0 = Release|Win32
		{9E5EBF0B-248D-4820-A336-FC8E3CF59C34}.Debug|x64.ActiveCfg = Debug|x64
		{9E5EBF0B-248D-4820-A336-FC8E3CF59C34}.Debug|x64.Build.0 = Debug|x64
		{9E5EBF0B-248D-4820-A336-FC8E3CF59C34}.Debug|x86.ActiveCfg = Debug|Win32
		{9E5EBF0B-248D-4820-A336-FC8E3CF59C34}.Debug|x86.Build.0 = Debug|Win32
		{9E5EBF0B-248D-4820-A336-FC8E3CF59C34}.Release|x64.ActiveCfg = Release|x64
		{9E5EBF0B-248D-4820-A336-FC8E3CF59C34}.Release|x64.Build.0 = Release|x64
		{9E5EBF0B-248D-4820-A336-FC8E3CF59C34}.Release|x86.ActiveCfg = Release|Win32
		{9E5EBF0B-248D-4820-A336-FC8E3CF59C34}.Release|x86.Build.0 = Release|Win32
		{794E3773-3A1A-4FE3-9642-E5D9405D9B06}.Debug|x64.ActiveCfg = Debug|x64
		{794E3773-3A1A-4FE3-9642-E5D9405D9B06}.Debug|x64.Build.0 = Debug|x64
		{794E3773-3A1A-4FE3-9642-E5D9405D9B06}.Debug|x86.ActiveCfg = Debug|Win32
		{794E3773-3A1A-4FE3-9642-E5D9405D9B06}.Debug|x86.Build.0 = Debug|Win32
		{794E3773-3A1A-4FE3-9642-E5D9405D9B06}.Release|x64.ActiveCfg = Release|x64
		{794E3773-3A1A-4FE3-9642-E5D9405D9B06}.Release|x64.Build.0 = Release|x64
		{794E3773-3A1A-4FE3-9642-E5D9405D9B06}.Release|x86.ActiveCfg = Release|Win32
		{794E3773-3A1A-4FE3-9642-E5D9405D9B06}.Release|x86.Build.0 = Release|Win32
		{E409E89C-F9C5-478F-929C-C9DE3E51BA5E}.Debug|x64.ActiveCfg = Debug|x64
		{E409E89C-F9C5-478F-929C-C9DE3E51BA5E}.Debug|x64.Build.0 = Debug|x64
		{E409E89C-F9C5-478F-929C-C9DE3E51BA5E}.Debug|x86.ActiveCfg = Debug|Win32
		{E409E89C-F9C5-478F-929C-C9DE3E51BA5E}.Debug|x86.Build.0 = Debug|Win32
		{E409E89C-F9C5-478F-929C-C9DE3E51BA5E}.Release|x64.ActiveCfg = Release|x64
		{E409E89C-F9C5-478F-929C-C9DE3E51BA5E}.Release|x64.Build.0 = Release|x64
		{E409E89C-F9C5-478F-929C-C9DE3E51BA5E}.Release|x86.ActiveCfg = Release|Win32
		{E409E89C-F9C5-478F-929C-C9DE3E51BA5E}.Release|x86.Build.0 = Release|Win32
	EndGlobalSection
	GlobalSection(SolutionProperties) = preSolution
		HideSolutionNode = FALSE
	EndGlobalSection
	GlobalSection(NestedProjects) = preSolution
		{A66F0F59-BD5F-4BA2-B4A7-9B1714E44DD1} = {7E0D64CE-6F52-4F7F-A7B6-DEF6CDC3444A}
		{115AB0DA-645C-44E9-9BFB-F1E17D20F3D5} = {7E0D64CE-6F52-4F7F-A7B6-DEF6CDC3444A}
		{6EA5756F-193D-40A3-9AC0-2155EAE39821} = {7E0D64CE-6F52-4F7F-A7B6-DEF6CDC3444A}
		{9E5EBF0B-248D-4820-A336-FC8E3CF59C34} = {7E0D64CE-6F52-4F7F-A7B6-DEF6CDC3444A}
		{794E3773-3A1A-4FE3-9642-E5D9405D9B06} = {7E0D64CE-6F52-4F7F-A7B6-DEF6CDC3444A}
		{E409E89C-F9C5-478F-929C-C9DE3E51BA5E} = {7E0D64CE-6F52-4F7F-A7B6-DEF6CDC3444A}
	EndGlobalSection
	GlobalSection(ExtensibilityGlobals) = postSolution
		SolutionGuid = {0DB81751-4DFE-4989-B710-296BBF10DBD1}
	EndGlobalSection
EndGlobal
