
Microsoft Visual Studio Solution File, Format Version 12.00
# Visual Studio Version 16
VisualStudioVersion = 16.0.31229.75
MinimumVisualStudioVersion = 10.0.40219.1
Project("{8BC9CEB8-8B4A-11D0-8D11-00A0C91BC942}") = "1991beakjoon", "tree\tree.vcxproj", "{09C3BC6E-2886-467E-BB49-344E03E0BD60}"
EndProject
Project("{8BC9CEB8-8B4A-11D0-8D11-00A0C91BC942}") = "11725beakjoon", "11725beakjoon\11725beakjoon.vcxproj", "{650203DC-60A1-49A1-A4B9-3D784B8E20C8}"
EndProject
Project("{8BC9CEB8-8B4A-11D0-8D11-00A0C91BC942}") = "1167Beakjoon", "1167Beakjoon\1167Beakjoon.vcxproj", "{4E72CC43-FE2D-44A2-8F84-F653E3F11DAD}"
EndProject
Project("{8BC9CEB8-8B4A-11D0-8D11-00A0C91BC942}") = "1967beakjoon", "1967beakjoon\1967beakjoon.vcxproj", "{2896C683-D46C-4AAD-A959-563265BEE760}"
EndProject
Project("{8BC9CEB8-8B4A-11D0-8D11-00A0C91BC942}") = "11437beakjoon", "11437beakjoon\11437beakjoon.vcxproj", "{E9B15D52-0870-4E7D-9596-D8C23C973406}"
EndProject
Project("{8BC9CEB8-8B4A-11D0-8D11-00A0C91BC942}") = "1761beakjoon", "1761beakjoon\1761beakjoon.vcxproj", "{07ECE2A1-4474-4EE8-8D93-82D78764BD9D}"
EndProject
Project("{8BC9CEB8-8B4A-11D0-8D11-00A0C91BC942}") = "11438beakjoon", "11438beakjoon\11438beakjoon.vcxproj", "{667E59BC-F01A-4BA2-8258-24594D57BFF1}"
EndProject
Project("{8BC9CEB8-8B4A-11D0-8D11-00A0C91BC942}") = "3176beakjoon", "3176beakjoon\3176beakjoon.vcxproj", "{BA732770-A78A-42F5-8E8C-62D17078EC17}"
EndProject
Project("{8BC9CEB8-8B4A-11D0-8D11-00A0C91BC942}") = "9934완전이진트리", "9934완전이진트리\9934완전이진트리.vcxproj", "{E2CDEC5E-F5E0-410B-92E1-D4D2D84D809C}"
EndProject
Project("{8BC9CEB8-8B4A-11D0-8D11-00A0C91BC942}") = "5639이진검색트리", "5639이진검색트리\5639이진검색트리.vcxproj", "{EFAE7DAA-FFBF-4FF4-B26E-D3DA8FF646DC}"
EndProject
Project("{8BC9CEB8-8B4A-11D0-8D11-00A0C91BC942}") = "1068트리", "1068트리\1068트리.vcxproj", "{B0FFDAF4-09BB-487B-BFAC-1BD662CCE3A7}"
EndProject
Project("{8BC9CEB8-8B4A-11D0-8D11-00A0C91BC942}") = "6416트리인가", "6416트리인가\6416트리인가.vcxproj", "{DA1FC393-87D3-431E-8CA2-9DAC71C30B4A}"
EndProject
Project("{2150E333-8FDC-42A3-9474-1A3956D46DE8}") = "푼것", "푼것", "{96B5CB25-1B79-438C-8193-5A1B7CDB364B}"
EndProject
Project("{2150E333-8FDC-42A3-9474-1A3956D46DE8}") = "Solution Items", "Solution Items", "{E0C7DC50-18C6-4C49-B8E2-36D0848E3454}"
	ProjectSection(SolutionItems) = preProject
		기본코드.txt = 기본코드.txt
	EndProjectSection
EndProject
Project("{8BC9CEB8-8B4A-11D0-8D11-00A0C91BC942}") = "14675단절점과단절선", "14675단절점과단절선\14675단절점과단절선.vcxproj", "{569C9044-C643-491C-8429-AA42A8F160F7}"
EndProject
Project("{8BC9CEB8-8B4A-11D0-8D11-00A0C91BC942}") = "17073나무위의빗물", "17073나무위의빗물\17073나무위의빗물.vcxproj", "{2933C3A7-FC2A-48B8-BCC0-4C1C629846DE}"
EndProject
Project("{8BC9CEB8-8B4A-11D0-8D11-00A0C91BC942}") = "3584가장가까운공통조상", "3584가장가까운공통조상\3584가장가까운공통조상.vcxproj", "{1B6D33F5-0961-4BB7-AD27-8B3D8051ABD5}"
EndProject
Project("{8BC9CEB8-8B4A-11D0-8D11-00A0C91BC942}") = "4256트리", "4256트리\4256트리.vcxproj", "{79929DFA-32B2-4BA6-B9BF-9107993529DD}"
EndProject
Project("{2150E333-8FDC-42A3-9474-1A3956D46DE8}") = "다시체크할것", "다시체크할것", "{5751C6D6-6FE4-4562-8541-035A9F20537B}"
EndProject
Project("{8BC9CEB8-8B4A-11D0-8D11-00A0C91BC942}") = "9489사촌", "9489사촌\9489사촌.vcxproj", "{9144876C-6CC0-4F4A-9661-0FB500BA7467}"
EndProject
Project("{2150E333-8FDC-42A3-9474-1A3956D46DE8}") = "풀었는데 오래걸린것", "풀었는데 오래걸린것", "{259E7694-BCCA-48A0-B43D-E06821D61220}"
EndProject
Project("{8BC9CEB8-8B4A-11D0-8D11-00A0C91BC942}") = "2263트리의순회", "2263트리의순회\2263트리의순회.vcxproj", "{13230BD0-57D4-4ADC-8FDC-1255E4B18805}"
EndProject
Global
	GlobalSection(SolutionConfigurationPlatforms) = preSolution
		Debug|x64 = Debug|x64
		Debug|x86 = Debug|x86
		Release|x64 = Release|x64
		Release|x86 = Release|x86
	EndGlobalSection
	GlobalSection(ProjectConfigurationPlatforms) = postSolution
		{09C3BC6E-2886-467E-BB49-344E03E0BD60}.Debug|x64.ActiveCfg = Debug|x64
		{09C3BC6E-2886-467E-BB49-344E03E0BD60}.Debug|x64.Build.0 = Debug|x64
		{09C3BC6E-2886-467E-BB49-344E03E0BD60}.Debug|x86.ActiveCfg = Debug|Win32
		{09C3BC6E-2886-467E-BB49-344E03E0BD60}.Debug|x86.Build.0 = Debug|Win32
		{09C3BC6E-2886-467E-BB49-344E03E0BD60}.Release|x64.ActiveCfg = Release|x64
		{09C3BC6E-2886-467E-BB49-344E03E0BD60}.Release|x64.Build.0 = Release|x64
		{09C3BC6E-2886-467E-BB49-344E03E0BD60}.Release|x86.ActiveCfg = Release|Win32
		{09C3BC6E-2886-467E-BB49-344E03E0BD60}.Release|x86.Build.0 = Release|Win32
		{650203DC-60A1-49A1-A4B9-3D784B8E20C8}.Debug|x64.ActiveCfg = Debug|x64
		{650203DC-60A1-49A1-A4B9-3D784B8E20C8}.Debug|x64.Build.0 = Debug|x64
		{650203DC-60A1-49A1-A4B9-3D784B8E20C8}.Debug|x86.ActiveCfg = Debug|Win32
		{650203DC-60A1-49A1-A4B9-3D784B8E20C8}.Debug|x86.Build.0 = Debug|Win32
		{650203DC-60A1-49A1-A4B9-3D784B8E20C8}.Release|x64.ActiveCfg = Release|x64
		{650203DC-60A1-49A1-A4B9-3D784B8E20C8}.Release|x64.Build.0 = Release|x64
		{650203DC-60A1-49A1-A4B9-3D784B8E20C8}.Release|x86.ActiveCfg = Release|Win32
		{650203DC-60A1-49A1-A4B9-3D784B8E20C8}.Release|x86.Build.0 = Release|Win32
		{4E72CC43-FE2D-44A2-8F84-F653E3F11DAD}.Debug|x64.ActiveCfg = Debug|x64
		{4E72CC43-FE2D-44A2-8F84-F653E3F11DAD}.Debug|x64.Build.0 = Debug|x64
		{4E72CC43-FE2D-44A2-8F84-F653E3F11DAD}.Debug|x86.ActiveCfg = Debug|Win32
		{4E72CC43-FE2D-44A2-8F84-F653E3F11DAD}.Debug|x86.Build.0 = Debug|Win32
		{4E72CC43-FE2D-44A2-8F84-F653E3F11DAD}.Release|x64.ActiveCfg = Release|x64
		{4E72CC43-FE2D-44A2-8F84-F653E3F11DAD}.Release|x64.Build.0 = Release|x64
		{4E72CC43-FE2D-44A2-8F84-F653E3F11DAD}.Release|x86.ActiveCfg = Release|Win32
		{4E72CC43-FE2D-44A2-8F84-F653E3F11DAD}.Release|x86.Build.0 = Release|Win32
		{2896C683-D46C-4AAD-A959-563265BEE760}.Debug|x64.ActiveCfg = Debug|x64
		{2896C683-D46C-4AAD-A959-563265BEE760}.Debug|x64.Build.0 = Debug|x64
		{2896C683-D46C-4AAD-A959-563265BEE760}.Debug|x86.ActiveCfg = Debug|Win32
		{2896C683-D46C-4AAD-A959-563265BEE760}.Debug|x86.Build.0 = Debug|Win32
		{2896C683-D46C-4AAD-A959-563265BEE760}.Release|x64.ActiveCfg = Release|x64
		{2896C683-D46C-4AAD-A959-563265BEE760}.Release|x64.Build.0 = Release|x64
		{2896C683-D46C-4AAD-A959-563265BEE760}.Release|x86.ActiveCfg = Release|Win32
		{2896C683-D46C-4AAD-A959-563265BEE760}.Release|x86.Build.0 = Release|Win32
		{E9B15D52-0870-4E7D-9596-D8C23C973406}.Debug|x64.ActiveCfg = Debug|x64
		{E9B15D52-0870-4E7D-9596-D8C23C973406}.Debug|x64.Build.0 = Debug|x64
		{E9B15D52-0870-4E7D-9596-D8C23C973406}.Debug|x86.ActiveCfg = Debug|Win32
		{E9B15D52-0870-4E7D-9596-D8C23C973406}.Debug|x86.Build.0 = Debug|Win32
		{E9B15D52-0870-4E7D-9596-D8C23C973406}.Release|x64.ActiveCfg = Release|x64
		{E9B15D52-0870-4E7D-9596-D8C23C973406}.Release|x64.Build.0 = Release|x64
		{E9B15D52-0870-4E7D-9596-D8C23C973406}.Release|x86.ActiveCfg = Release|Win32
		{E9B15D52-0870-4E7D-9596-D8C23C973406}.Release|x86.Build.0 = Release|Win32
		{07ECE2A1-4474-4EE8-8D93-82D78764BD9D}.Debug|x64.ActiveCfg = Debug|x64
		{07ECE2A1-4474-4EE8-8D93-82D78764BD9D}.Debug|x64.Build.0 = Debug|x64
		{07ECE2A1-4474-4EE8-8D93-82D78764BD9D}.Debug|x86.ActiveCfg = Debug|Win32
		{07ECE2A1-4474-4EE8-8D93-82D78764BD9D}.Debug|x86.Build.0 = Debug|Win32
		{07ECE2A1-4474-4EE8-8D93-82D78764BD9D}.Release|x64.ActiveCfg = Release|x64
		{07ECE2A1-4474-4EE8-8D93-82D78764BD9D}.Release|x64.Build.0 = Release|x64
		{07ECE2A1-4474-4EE8-8D93-82D78764BD9D}.Release|x86.ActiveCfg = Release|Win32
		{07ECE2A1-4474-4EE8-8D93-82D78764BD9D}.Release|x86.Build.0 = Release|Win32
		{667E59BC-F01A-4BA2-8258-24594D57BFF1}.Debug|x64.ActiveCfg = Debug|x64
		{667E59BC-F01A-4BA2-8258-24594D57BFF1}.Debug|x64.Build.0 = Debug|x64
		{667E59BC-F01A-4BA2-8258-24594D57BFF1}.Debug|x86.ActiveCfg = Debug|Win32
		{667E59BC-F01A-4BA2-8258-24594D57BFF1}.Debug|x86.Build.0 = Debug|Win32
		{667E59BC-F01A-4BA2-8258-24594D57BFF1}.Release|x64.ActiveCfg = Release|x64
		{667E59BC-F01A-4BA2-8258-24594D57BFF1}.Release|x64.Build.0 = Release|x64
		{667E59BC-F01A-4BA2-8258-24594D57BFF1}.Release|x86.ActiveCfg = Release|Win32
		{667E59BC-F01A-4BA2-8258-24594D57BFF1}.Release|x86.Build.0 = Release|Win32
		{BA732770-A78A-42F5-8E8C-62D17078EC17}.Debug|x64.ActiveCfg = Debug|x64
		{BA732770-A78A-42F5-8E8C-62D17078EC17}.Debug|x64.Build.0 = Debug|x64
		{BA732770-A78A-42F5-8E8C-62D17078EC17}.Debug|x86.ActiveCfg = Debug|Win32
		{BA732770-A78A-42F5-8E8C-62D17078EC17}.Debug|x86.Build.0 = Debug|Win32
		{BA732770-A78A-42F5-8E8C-62D17078EC17}.Release|x64.ActiveCfg = Release|x64
		{BA732770-A78A-42F5-8E8C-62D17078EC17}.Release|x64.Build.0 = Release|x64
		{BA732770-A78A-42F5-8E8C-62D17078EC17}.Release|x86.ActiveCfg = Release|Win32
		{BA732770-A78A-42F5-8E8C-62D17078EC17}.Release|x86.Build.0 = Release|Win32
		{E2CDEC5E-F5E0-410B-92E1-D4D2D84D809C}.Debug|x64.ActiveCfg = Debug|x64
		{E2CDEC5E-F5E0-410B-92E1-D4D2D84D809C}.Debug|x64.Build.0 = Debug|x64
		{E2CDEC5E-F5E0-410B-92E1-D4D2D84D809C}.Debug|x86.ActiveCfg = Debug|Win32
		{E2CDEC5E-F5E0-410B-92E1-D4D2D84D809C}.Debug|x86.Build.0 = Debug|Win32
		{E2CDEC5E-F5E0-410B-92E1-D4D2D84D809C}.Release|x64.ActiveCfg = Release|x64
		{E2CDEC5E-F5E0-410B-92E1-D4D2D84D809C}.Release|x64.Build.0 = Release|x64
		{E2CDEC5E-F5E0-410B-92E1-D4D2D84D809C}.Release|x86.ActiveCfg = Release|Win32
		{E2CDEC5E-F5E0-410B-92E1-D4D2D84D809C}.Release|x86.Build.0 = Release|Win32
		{EFAE7DAA-FFBF-4FF4-B26E-D3DA8FF646DC}.Debug|x64.ActiveCfg = Debug|x64
		{EFAE7DAA-FFBF-4FF4-B26E-D3DA8FF646DC}.Debug|x64.Build.0 = Debug|x64
		{EFAE7DAA-FFBF-4FF4-B26E-D3DA8FF646DC}.Debug|x86.ActiveCfg = Debug|Win32
		{EFAE7DAA-FFBF-4FF4-B26E-D3DA8FF646DC}.Debug|x86.Build.0 = Debug|Win32
		{EFAE7DAA-FFBF-4FF4-B26E-D3DA8FF646DC}.Release|x64.ActiveCfg = Release|x64
		{EFAE7DAA-FFBF-4FF4-B26E-D3DA8FF646DC}.Release|x64.Build.0 = Release|x64
		{EFAE7DAA-FFBF-4FF4-B26E-D3DA8FF646DC}.Release|x86.ActiveCfg = Release|Win32
		{EFAE7DAA-FFBF-4FF4-B26E-D3DA8FF646DC}.Release|x86.Build.0 = Release|Win32
		{B0FFDAF4-09BB-487B-BFAC-1BD662CCE3A7}.Debug|x64.ActiveCfg = Debug|x64
		{B0FFDAF4-09BB-487B-BFAC-1BD662CCE3A7}.Debug|x64.Build.0 = Debug|x64
		{B0FFDAF4-09BB-487B-BFAC-1BD662CCE3A7}.Debug|x86.ActiveCfg = Debug|Win32
		{B0FFDAF4-09BB-487B-BFAC-1BD662CCE3A7}.Debug|x86.Build.0 = Debug|Win32
		{B0FFDAF4-09BB-487B-BFAC-1BD662CCE3A7}.Release|x64.ActiveCfg = Release|x64
		{B0FFDAF4-09BB-487B-BFAC-1BD662CCE3A7}.Release|x64.Build.0 = Release|x64
		{B0FFDAF4-09BB-487B-BFAC-1BD662CCE3A7}.Release|x86.ActiveCfg = Release|Win32
		{B0FFDAF4-09BB-487B-BFAC-1BD662CCE3A7}.Release|x86.Build.0 = Release|Win32
		{DA1FC393-87D3-431E-8CA2-9DAC71C30B4A}.Debug|x64.ActiveCfg = Debug|x64
		{DA1FC393-87D3-431E-8CA2-9DAC71C30B4A}.Debug|x64.Build.0 = Debug|x64
		{DA1FC393-87D3-431E-8CA2-9DAC71C30B4A}.Debug|x86.ActiveCfg = Debug|Win32
		{DA1FC393-87D3-431E-8CA2-9DAC71C30B4A}.Debug|x86.Build.0 = Debug|Win32
		{DA1FC393-87D3-431E-8CA2-9DAC71C30B4A}.Release|x64.ActiveCfg = Release|x64
		{DA1FC393-87D3-431E-8CA2-9DAC71C30B4A}.Release|x64.Build.0 = Release|x64
		{DA1FC393-87D3-431E-8CA2-9DAC71C30B4A}.Release|x86.ActiveCfg = Release|Win32
		{DA1FC393-87D3-431E-8CA2-9DAC71C30B4A}.Release|x86.Build.0 = Release|Win32
		{569C9044-C643-491C-8429-AA42A8F160F7}.Debug|x64.ActiveCfg = Debug|x64
		{569C9044-C643-491C-8429-AA42A8F160F7}.Debug|x64.Build.0 = Debug|x64
		{569C9044-C643-491C-8429-AA42A8F160F7}.Debug|x86.ActiveCfg = Debug|Win32
		{569C9044-C643-491C-8429-AA42A8F160F7}.Debug|x86.Build.0 = Debug|Win32
		{569C9044-C643-491C-8429-AA42A8F160F7}.Release|x64.ActiveCfg = Release|x64
		{569C9044-C643-491C-8429-AA42A8F160F7}.Release|x64.Build.0 = Release|x64
		{569C9044-C643-491C-8429-AA42A8F160F7}.Release|x86.ActiveCfg = Release|Win32
		{569C9044-C643-491C-8429-AA42A8F160F7}.Release|x86.Build.0 = Release|Win32
		{2933C3A7-FC2A-48B8-BCC0-4C1C629846DE}.Debug|x64.ActiveCfg = Debug|x64
		{2933C3A7-FC2A-48B8-BCC0-4C1C629846DE}.Debug|x64.Build.0 = Debug|x64
		{2933C3A7-FC2A-48B8-BCC0-4C1C629846DE}.Debug|x86.ActiveCfg = Debug|Win32
		{2933C3A7-FC2A-48B8-BCC0-4C1C629846DE}.Debug|x86.Build.0 = Debug|Win32
		{2933C3A7-FC2A-48B8-BCC0-4C1C629846DE}.Release|x64.ActiveCfg = Release|x64
		{2933C3A7-FC2A-48B8-BCC0-4C1C629846DE}.Release|x64.Build.0 = Release|x64
		{2933C3A7-FC2A-48B8-BCC0-4C1C629846DE}.Release|x86.ActiveCfg = Release|Win32
		{2933C3A7-FC2A-48B8-BCC0-4C1C629846DE}.Release|x86.Build.0 = Release|Win32
		{1B6D33F5-0961-4BB7-AD27-8B3D8051ABD5}.Debug|x64.ActiveCfg = Debug|x64
		{1B6D33F5-0961-4BB7-AD27-8B3D8051ABD5}.Debug|x64.Build.0 = Debug|x64
		{1B6D33F5-0961-4BB7-AD27-8B3D8051ABD5}.Debug|x86.ActiveCfg = Debug|Win32
		{1B6D33F5-0961-4BB7-AD27-8B3D8051ABD5}.Debug|x86.Build.0 = Debug|Win32
		{1B6D33F5-0961-4BB7-AD27-8B3D8051ABD5}.Release|x64.ActiveCfg = Release|x64
		{1B6D33F5-0961-4BB7-AD27-8B3D8051ABD5}.Release|x64.Build.0 = Release|x64
		{1B6D33F5-0961-4BB7-AD27-8B3D8051ABD5}.Release|x86.ActiveCfg = Release|Win32
		{1B6D33F5-0961-4BB7-AD27-8B3D8051ABD5}.Release|x86.Build.0 = Release|Win32
		{79929DFA-32B2-4BA6-B9BF-9107993529DD}.Debug|x64.ActiveCfg = Debug|x64
		{79929DFA-32B2-4BA6-B9BF-9107993529DD}.Debug|x64.Build.0 = Debug|x64
		{79929DFA-32B2-4BA6-B9BF-9107993529DD}.Debug|x86.ActiveCfg = Debug|Win32
		{79929DFA-32B2-4BA6-B9BF-9107993529DD}.Debug|x86.Build.0 = Debug|Win32
		{79929DFA-32B2-4BA6-B9BF-9107993529DD}.Release|x64.ActiveCfg = Release|x64
		{79929DFA-32B2-4BA6-B9BF-9107993529DD}.Release|x64.Build.0 = Release|x64
		{79929DFA-32B2-4BA6-B9BF-9107993529DD}.Release|x86.ActiveCfg = Release|Win32
		{79929DFA-32B2-4BA6-B9BF-9107993529DD}.Release|x86.Build.0 = Release|Win32
		{9144876C-6CC0-4F4A-9661-0FB500BA7467}.Debug|x64.ActiveCfg = Debug|x64
		{9144876C-6CC0-4F4A-9661-0FB500BA7467}.Debug|x64.Build.0 = Debug|x64
		{9144876C-6CC0-4F4A-9661-0FB500BA7467}.Debug|x86.ActiveCfg = Debug|Win32
		{9144876C-6CC0-4F4A-9661-0FB500BA7467}.Debug|x86.Build.0 = Debug|Win32
		{9144876C-6CC0-4F4A-9661-0FB500BA7467}.Release|x64.ActiveCfg = Release|x64
		{9144876C-6CC0-4F4A-9661-0FB500BA7467}.Release|x64.Build.0 = Release|x64
		{9144876C-6CC0-4F4A-9661-0FB500BA7467}.Release|x86.ActiveCfg = Release|Win32
		{9144876C-6CC0-4F4A-9661-0FB500BA7467}.Release|x86.Build.0 = Release|Win32
		{13230BD0-57D4-4ADC-8FDC-1255E4B18805}.Debug|x64.ActiveCfg = Debug|x64
		{13230BD0-57D4-4ADC-8FDC-1255E4B18805}.Debug|x64.Build.0 = Debug|x64
		{13230BD0-57D4-4ADC-8FDC-1255E4B18805}.Debug|x86.ActiveCfg = Debug|Win32
		{13230BD0-57D4-4ADC-8FDC-1255E4B18805}.Debug|x86.Build.0 = Debug|Win32
		{13230BD0-57D4-4ADC-8FDC-1255E4B18805}.Release|x64.ActiveCfg = Release|x64
		{13230BD0-57D4-4ADC-8FDC-1255E4B18805}.Release|x64.Build.0 = Release|x64
		{13230BD0-57D4-4ADC-8FDC-1255E4B18805}.Release|x86.ActiveCfg = Release|Win32
		{13230BD0-57D4-4ADC-8FDC-1255E4B18805}.Release|x86.Build.0 = Release|Win32
	EndGlobalSection
	GlobalSection(SolutionProperties) = preSolution
		HideSolutionNode = FALSE
	EndGlobalSection
	GlobalSection(NestedProjects) = preSolution
		{09C3BC6E-2886-467E-BB49-344E03E0BD60} = {96B5CB25-1B79-438C-8193-5A1B7CDB364B}
		{650203DC-60A1-49A1-A4B9-3D784B8E20C8} = {96B5CB25-1B79-438C-8193-5A1B7CDB364B}
		{4E72CC43-FE2D-44A2-8F84-F653E3F11DAD} = {96B5CB25-1B79-438C-8193-5A1B7CDB364B}
		{2896C683-D46C-4AAD-A959-563265BEE760} = {96B5CB25-1B79-438C-8193-5A1B7CDB364B}
		{E9B15D52-0870-4E7D-9596-D8C23C973406} = {96B5CB25-1B79-438C-8193-5A1B7CDB364B}
		{07ECE2A1-4474-4EE8-8D93-82D78764BD9D} = {96B5CB25-1B79-438C-8193-5A1B7CDB364B}
		{667E59BC-F01A-4BA2-8258-24594D57BFF1} = {96B5CB25-1B79-438C-8193-5A1B7CDB364B}
		{BA732770-A78A-42F5-8E8C-62D17078EC17} = {96B5CB25-1B79-438C-8193-5A1B7CDB364B}
		{E2CDEC5E-F5E0-410B-92E1-D4D2D84D809C} = {96B5CB25-1B79-438C-8193-5A1B7CDB364B}
		{EFAE7DAA-FFBF-4FF4-B26E-D3DA8FF646DC} = {96B5CB25-1B79-438C-8193-5A1B7CDB364B}
		{B0FFDAF4-09BB-487B-BFAC-1BD662CCE3A7} = {96B5CB25-1B79-438C-8193-5A1B7CDB364B}
		{DA1FC393-87D3-431E-8CA2-9DAC71C30B4A} = {96B5CB25-1B79-438C-8193-5A1B7CDB364B}
		{569C9044-C643-491C-8429-AA42A8F160F7} = {96B5CB25-1B79-438C-8193-5A1B7CDB364B}
		{2933C3A7-FC2A-48B8-BCC0-4C1C629846DE} = {96B5CB25-1B79-438C-8193-5A1B7CDB364B}
		{1B6D33F5-0961-4BB7-AD27-8B3D8051ABD5} = {96B5CB25-1B79-438C-8193-5A1B7CDB364B}
		{79929DFA-32B2-4BA6-B9BF-9107993529DD} = {5751C6D6-6FE4-4562-8541-035A9F20537B}
		{9144876C-6CC0-4F4A-9661-0FB500BA7467} = {259E7694-BCCA-48A0-B43D-E06821D61220}
		{13230BD0-57D4-4ADC-8FDC-1255E4B18805} = {259E7694-BCCA-48A0-B43D-E06821D61220}
	EndGlobalSection
	GlobalSection(ExtensibilityGlobals) = postSolution
		SolutionGuid = {B2E436FF-E590-4A05-950B-878066E7F171}
	EndGlobalSection
EndGlobal
